
Microsoft Visual Studio Solution File, Format Version 12.00
# Visual Studio Version 17
VisualStudioVersion = 17.3.32929.385
MinimumVisualStudioVersion = 10.0.40219.1
Project("{2150E333-8FDC-42A3-9474-1A3956D46DE8}") = "src", "src", "{F9656776-8146-4D76-86C0-10BB41C8EAEB}"
EndProject
Project("{9A19103F-16F7-4668-BE54-9A1E7A4F7556}") = "AzureFunction.CosmosSample", "src\AzureFunction.CosmosSample\AzureFunction.CosmosSample.csproj", "{02D728D9-CC19-4F52-B085-3167E05143D7}"
EndProject
Project("{2150E333-8FDC-42A3-9474-1A3956D46DE8}") = "Solution Items", "Solution Items", "{24574330-8D1F-48FB-A8FF-F075CAED6500}"
	ProjectSection(SolutionItems) = preProject
		.editorconfig = .editorconfig
		.gitignore = .gitignore
		readme.md = readme.md
	EndProjectSection
EndProject
Global
	GlobalSection(SolutionConfigurationPlatforms) = preSolution
		Debug|Any CPU = Debug|Any CPU
		Release|Any CPU = Release|Any CPU
	EndGlobalSection
	GlobalSection(ProjectConfigurationPlatforms) = postSolution
		{02D728D9-CC19-4F52-B085-3167E05143D7}.Debug|Any CPU.ActiveCfg = Debug|Any CPU
		{02D728D9-CC19-4F52-B085-3167E05143D7}.Debug|Any CPU.Build.0 = Debug|Any CPU
		{02D728D9-CC19-4F52-B085-3167E05143D7}.Release|Any CPU.ActiveCfg = Release|Any CPU
		{02D728D9-CC19-4F52-B085-3167E05143D7}.Release|Any CPU.Build.0 = Release|Any CPU
	EndGlobalSection
	GlobalSection(SolutionProperties) = preSolution
		HideSolutionNode = FALSE
	EndGlobalSection
	GlobalSection(NestedProjects) = preSolution
		{02D728D9-CC19-4F52-B085-3167E05143D7} = {F9656776-8146-4D76-86C0-10BB41C8EAEB}
	EndGlobalSection
	GlobalSection(ExtensibilityGlobals) = postSolution
		SolutionGuid = {73997AA8-7C4C-4599-8848-335886BADDBC}
	EndGlobalSection
EndGlobal
